// !$*UTF8*$!
{
	archiveVersion = 1;
	classes = {
	};
	objectVersion = 46;
	objects = {

/* Begin PBXBuildFile section */
		540392AD1AD2795E006A717F /* bars5_selected.png in Resources */ = {isa = PBXBuildFile; fileRef = 540392A91AD2795E006A717F /* bars5_selected.png */; };
		540392AE1AD2795E006A717F /* information32_selected.png in Resources */ = {isa = PBXBuildFile; fileRef = 540392AA1AD2795E006A717F /* information32_selected.png */; };
		540392AF1AD2795E006A717F /* layers4_selected.png in Resources */ = {isa = PBXBuildFile; fileRef = 540392AB1AD2795E006A717F /* layers4_selected.png */; };
		540392B01AD2795E006A717F /* settings20_selected.png in Resources */ = {isa = PBXBuildFile; fileRef = 540392AC1AD2795E006A717F /* settings20_selected.png */; };
		5465AC151ACDB7F800636FBA /* bg7.jpg in Resources */ = {isa = PBXBuildFile; fileRef = 5465AC0E1ACDB7F800636FBA /* bg7.jpg */; };
		5465AC161ACDB7F800636FBA /* bg6.jpg in Resources */ = {isa = PBXBuildFile; fileRef = 5465AC0F1ACDB7F800636FBA /* bg6.jpg */; };
		5465AC171ACDB7F800636FBA /* bg5.jpg in Resources */ = {isa = PBXBuildFile; fileRef = 5465AC101ACDB7F800636FBA /* bg5.jpg */; };
		5465AC181ACDB7F800636FBA /* bg4.jpg in Resources */ = {isa = PBXBuildFile; fileRef = 5465AC111ACDB7F800636FBA /* bg4.jpg */; };
		5465AC191ACDB7F800636FBA /* bg3.jpg in Resources */ = {isa = PBXBuildFile; fileRef = 5465AC121ACDB7F800636FBA /* bg3.jpg */; };
		5465AC1A1ACDB7F800636FBA /* bg2.jpg in Resources */ = {isa = PBXBuildFile; fileRef = 5465AC131ACDB7F800636FBA /* bg2.jpg */; };
		5465AC1B1ACDB7F800636FBA /* bg1.jpg in Resources */ = {isa = PBXBuildFile; fileRef = 5465AC141ACDB7F800636FBA /* bg1.jpg */; };
		5465AC271ACDBA0500636FBA /* bars5.png in Resources */ = {isa = PBXBuildFile; fileRef = 5465AC1D1ACDBA0500636FBA /* bars5.png */; };
		5465AC281ACDBA0500636FBA /* bars5.svg in Resources */ = {isa = PBXBuildFile; fileRef = 5465AC1E1ACDBA0500636FBA /* bars5.svg */; };
		5465AC291ACDBA0500636FBA /* information32.png in Resources */ = {isa = PBXBuildFile; fileRef = 5465AC1F1ACDBA0500636FBA /* information32.png */; };
		5465AC2A1ACDBA0500636FBA /* information32.svg in Resources */ = {isa = PBXBuildFile; fileRef = 5465AC201ACDBA0500636FBA /* information32.svg */; };
		5465AC2B1ACDBA0500636FBA /* layers4.png in Resources */ = {isa = PBXBuildFile; fileRef = 5465AC211ACDBA0500636FBA /* layers4.png */; };
		5465AC2C1ACDBA0500636FBA /* layers4.svg in Resources */ = {isa = PBXBuildFile; fileRef = 5465AC221ACDBA0500636FBA /* layers4.svg */; };
		5465AC2D1ACDBA0500636FBA /* settings20.png in Resources */ = {isa = PBXBuildFile; fileRef = 5465AC231ACDBA0500636FBA /* settings20.png */; };
		5465AC2E1ACDBA0500636FBA /* settings20.svg in Resources */ = {isa = PBXBuildFile; fileRef = 5465AC241ACDBA0500636FBA /* settings20.svg */; };
		5465AC2F1ACDBA0500636FBA /* stack8.png in Resources */ = {isa = PBXBuildFile; fileRef = 5465AC251ACDBA0500636FBA /* stack8.png */; };
		5465AC301ACDBA0500636FBA /* stack8.svg in Resources */ = {isa = PBXBuildFile; fileRef = 5465AC261ACDBA0500636FBA /* stack8.svg */; };
		5471FBC71AD08C1A003451D4 /* logo76.png in Resources */ = {isa = PBXBuildFile; fileRef = 5471FBC51AD08C1A003451D4 /* logo76.png */; };
		5471FBC81AD08C1A003451D4 /* logo76@2x.png in Resources */ = {isa = PBXBuildFile; fileRef = 5471FBC61AD08C1A003451D4 /* logo76@2x.png */; };
		5471FBCA1AD250CA003451D4 /* Util.swift in Sources */ = {isa = PBXBuildFile; fileRef = 5471FBC91AD250C9003451D4 /* Util.swift */; };
		5471FBD81AD25AC8003451D4 /* ioapi.c in Sources */ = {isa = PBXBuildFile; fileRef = 5471FBCE1AD25AC8003451D4 /* ioapi.c */; };
		5471FBD91AD25AC8003451D4 /* mztools.c in Sources */ = {isa = PBXBuildFile; fileRef = 5471FBD01AD25AC8003451D4 /* mztools.c */; };
		5471FBDA1AD25AC8003451D4 /* unzip.c in Sources */ = {isa = PBXBuildFile; fileRef = 5471FBD21AD25AC8003451D4 /* unzip.c */; };
		5471FBDB1AD25AC8003451D4 /* zip.c in Sources */ = {isa = PBXBuildFile; fileRef = 5471FBD41AD25AC8003451D4 /* zip.c */; };
		5471FBDC1AD25AC8003451D4 /* SSZipArchive.m in Sources */ = {isa = PBXBuildFile; fileRef = 5471FBD71AD25AC8003451D4 /* SSZipArchive.m */; };
		5471FBE01AD25AFD003451D4 /* libz.dylib in Frameworks */ = {isa = PBXBuildFile; fileRef = 5471FBDF1AD25AFD003451D4 /* libz.dylib */; };
		548B33D21AD2CA0F00B7CD8B /* logo40.png in Resources */ = {isa = PBXBuildFile; fileRef = 548B33D01AD2CA0F00B7CD8B /* logo40.png */; };
		548B33D31AD2CA0F00B7CD8B /* logo80.png in Resources */ = {isa = PBXBuildFile; fileRef = 548B33D11AD2CA0F00B7CD8B /* logo80.png */; };
		548B33D61AD2CA4C00B7CD8B /* logo29.png in Resources */ = {isa = PBXBuildFile; fileRef = 548B33D41AD2CA4C00B7CD8B /* logo29.png */; };
		548B33D71AD2CA4C00B7CD8B /* logo58.png in Resources */ = {isa = PBXBuildFile; fileRef = 548B33D51AD2CA4C00B7CD8B /* logo58.png */; };
		54BA14B51ACC8F0D00054079 /* SpriteKit.framework in Frameworks */ = {isa = PBXBuildFile; fileRef = 54BA14B41ACC8F0D00054079 /* SpriteKit.framework */; };
		54C50B961AD47418005EDB5C /* QuartzCore.framework in Frameworks */ = {isa = PBXBuildFile; fileRef = 54C50B951AD47418005EDB5C /* QuartzCore.framework */; };
		54C6AFFC1ACC6EBF00E1D0F1 /* Presenter.swift in Sources */ = {isa = PBXBuildFile; fileRef = 54C6AFFB1ACC6EBF00E1D0F1 /* Presenter.swift */; };
		54C6AFFE1ACC6EE100E1D0F1 /* Interactor.swift in Sources */ = {isa = PBXBuildFile; fileRef = 54C6AFFD1ACC6EE100E1D0F1 /* Interactor.swift */; };
		54C6B0001ACC6EF000E1D0F1 /* ShipEntity.swift in Sources */ = {isa = PBXBuildFile; fileRef = 54C6AFFF1ACC6EF000E1D0F1 /* ShipEntity.swift */; };
		54C6B0021ACC7BA200E1D0F1 /* DataManager.swift in Sources */ = {isa = PBXBuildFile; fileRef = 54C6B0011ACC7BA200E1D0F1 /* DataManager.swift */; };
		54E089EE1A19435800BDC644 /* AppDelegate.swift in Sources */ = {isa = PBXBuildFile; fileRef = 54E089ED1A19435800BDC644 /* AppDelegate.swift */; };
		54E089F11A19435800BDC644 /* ShipSpinner.xcdatamodeld in Sources */ = {isa = PBXBuildFile; fileRef = 54E089EF1A19435800BDC644 /* ShipSpinner.xcdatamodeld */; };
		54E089F31A19435800BDC644 /* ViewController.swift in Sources */ = {isa = PBXBuildFile; fileRef = 54E089F21A19435800BDC644 /* ViewController.swift */; };
		54E089F61A19435800BDC644 /* Main.storyboard in Resources */ = {isa = PBXBuildFile; fileRef = 54E089F41A19435800BDC644 /* Main.storyboard */; };
		54E089F81A19435800BDC644 /* Images.xcassets in Resources */ = {isa = PBXBuildFile; fileRef = 54E089F71A19435800BDC644 /* Images.xcassets */; };
		54E089FB1A19435800BDC644 /* LaunchScreen.xib in Resources */ = {isa = PBXBuildFile; fileRef = 54E089F91A19435800BDC644 /* LaunchScreen.xib */; };
		54E08A071A19435800BDC644 /* ShipSpinnerTests.swift in Sources */ = {isa = PBXBuildFile; fileRef = 54E08A061A19435800BDC644 /* ShipSpinnerTests.swift */; };
		54EC67A31AD05F5A009CE568 /* defaults.plist in Resources */ = {isa = PBXBuildFile; fileRef = 54EC67A21AD05F5A009CE568 /* defaults.plist */; };
		54EC67A51AD060BE009CE568 /* asset.plist in Resources */ = {isa = PBXBuildFile; fileRef = 54EC67A41AD060BE009CE568 /* asset.plist */; };
		54EC67A71AD060C8009CE568 /* detail.plist in Resources */ = {isa = PBXBuildFile; fileRef = 54EC67A61AD060C8009CE568 /* detail.plist */; };
		54EC67A91AD062E3009CE568 /* kush_cloakedfighter.scnassets in Resources */ = {isa = PBXBuildFile; fileRef = 54EC67A81AD062E3009CE568 /* kush_cloakedfighter.scnassets */; };
/* End PBXBuildFile section */

/* Begin PBXContainerItemProxy section */
		54E08A011A19435800BDC644 /* PBXContainerItemProxy */ = {
			isa = PBXContainerItemProxy;
			containerPortal = 54E089E01A19435800BDC644 /* Project object */;
			proxyType = 1;
			remoteGlobalIDString = 54E089E71A19435800BDC644;
			remoteInfo = ShipSpinner;
		};
/* End PBXContainerItemProxy section */

/* Begin PBXFileReference section */
		540392A91AD2795E006A717F /* bars5_selected.png */ = {isa = PBXFileReference; lastKnownFileType = image.png; path = bars5_selected.png; sourceTree = "<group>"; };
		540392AA1AD2795E006A717F /* information32_selected.png */ = {isa = PBXFileReference; lastKnownFileType = image.png; path = information32_selected.png; sourceTree = "<group>"; };
		540392AB1AD2795E006A717F /* layers4_selected.png */ = {isa = PBXFileReference; lastKnownFileType = image.png; path = layers4_selected.png; sourceTree = "<group>"; };
		540392AC1AD2795E006A717F /* settings20_selected.png */ = {isa = PBXFileReference; lastKnownFileType = image.png; path = settings20_selected.png; sourceTree = "<group>"; };
		540392B21AD29A15006A717F /* Alamofire.framework */ = {isa = PBXFileReference; lastKnownFileType = wrapper.framework; name = Alamofire.framework; path = ../Carthage/Build/iOS/Alamofire.framework; sourceTree = "<group>"; };
		5465AC0E1ACDB7F800636FBA /* bg7.jpg */ = {isa = PBXFileReference; lastKnownFileType = image.jpeg; path = bg7.jpg; sourceTree = "<group>"; };
		5465AC0F1ACDB7F800636FBA /* bg6.jpg */ = {isa = PBXFileReference; lastKnownFileType = image.jpeg; path = bg6.jpg; sourceTree = "<group>"; };
		5465AC101ACDB7F800636FBA /* bg5.jpg */ = {isa = PBXFileReference; lastKnownFileType = image.jpeg; path = bg5.jpg; sourceTree = "<group>"; };
		5465AC111ACDB7F800636FBA /* bg4.jpg */ = {isa = PBXFileReference; lastKnownFileType = image.jpeg; path = bg4.jpg; sourceTree = "<group>"; };
		5465AC121ACDB7F800636FBA /* bg3.jpg */ = {isa = PBXFileReference; lastKnownFileType = image.jpeg; path = bg3.jpg; sourceTree = "<group>"; };
		5465AC131ACDB7F800636FBA /* bg2.jpg */ = {isa = PBXFileReference; lastKnownFileType = image.jpeg; path = bg2.jpg; sourceTree = "<group>"; };
		5465AC141ACDB7F800636FBA /* bg1.jpg */ = {isa = PBXFileReference; lastKnownFileType = image.jpeg; path = bg1.jpg; sourceTree = "<group>"; };
		5465AC1D1ACDBA0500636FBA /* bars5.png */ = {isa = PBXFileReference; lastKnownFileType = image.png; path = bars5.png; sourceTree = "<group>"; };
		5465AC1E1ACDBA0500636FBA /* bars5.svg */ = {isa = PBXFileReference; fileEncoding = 4; lastKnownFileType = text.xml; path = bars5.svg; sourceTree = "<group>"; };
		5465AC1F1ACDBA0500636FBA /* information32.png */ = {isa = PBXFileReference; lastKnownFileType = image.png; path = information32.png; sourceTree = "<group>"; };
		5465AC201ACDBA0500636FBA /* information32.svg */ = {isa = PBXFileReference; fileEncoding = 4; lastKnownFileType = text.xml; path = information32.svg; sourceTree = "<group>"; };
		5465AC211ACDBA0500636FBA /* layers4.png */ = {isa = PBXFileReference; lastKnownFileType = image.png; path = layers4.png; sourceTree = "<group>"; };
		5465AC221ACDBA0500636FBA /* layers4.svg */ = {isa = PBXFileReference; fileEncoding = 4; lastKnownFileType = text.xml; path = layers4.svg; sourceTree = "<group>"; };
		5465AC231ACDBA0500636FBA /* settings20.png */ = {isa = PBXFileReference; lastKnownFileType = image.png; path = settings20.png; sourceTree = "<group>"; };
		5465AC241ACDBA0500636FBA /* settings20.svg */ = {isa = PBXFileReference; fileEncoding = 4; lastKnownFileType = text.xml; path = settings20.svg; sourceTree = "<group>"; };
		5465AC251ACDBA0500636FBA /* stack8.png */ = {isa = PBXFileReference; lastKnownFileType = image.png; path = stack8.png; sourceTree = "<group>"; };
		5465AC261ACDBA0500636FBA /* stack8.svg */ = {isa = PBXFileReference; fileEncoding = 4; lastKnownFileType = text.xml; path = stack8.svg; sourceTree = "<group>"; };
		5471FBC51AD08C1A003451D4 /* logo76.png */ = {isa = PBXFileReference; lastKnownFileType = image.png; path = logo76.png; sourceTree = "<group>"; };
		5471FBC61AD08C1A003451D4 /* logo76@2x.png */ = {isa = PBXFileReference; lastKnownFileType = image.png; path = "logo76@2x.png"; sourceTree = "<group>"; };
		5471FBC91AD250C9003451D4 /* Util.swift */ = {isa = PBXFileReference; fileEncoding = 4; lastKnownFileType = sourcecode.swift; path = Util.swift; sourceTree = "<group>"; };
		5471FBCB1AD25AC7003451D4 /* ShipSpinner-Bridging-Header.h */ = {isa = PBXFileReference; lastKnownFileType = sourcecode.c.h; path = "ShipSpinner-Bridging-Header.h"; sourceTree = "<group>"; };
		5471FBCD1AD25AC8003451D4 /* crypt.h */ = {isa = PBXFileReference; fileEncoding = 4; lastKnownFileType = sourcecode.c.h; path = crypt.h; sourceTree = "<group>"; };
		5471FBCE1AD25AC8003451D4 /* ioapi.c */ = {isa = PBXFileReference; fileEncoding = 4; lastKnownFileType = sourcecode.c.c; path = ioapi.c; sourceTree = "<group>"; };
		5471FBCF1AD25AC8003451D4 /* ioapi.h */ = {isa = PBXFileReference; fileEncoding = 4; lastKnownFileType = sourcecode.c.h; path = ioapi.h; sourceTree = "<group>"; };
		5471FBD01AD25AC8003451D4 /* mztools.c */ = {isa = PBXFileReference; fileEncoding = 4; lastKnownFileType = sourcecode.c.c; path = mztools.c; sourceTree = "<group>"; };
		5471FBD11AD25AC8003451D4 /* mztools.h */ = {isa = PBXFileReference; fileEncoding = 4; lastKnownFileType = sourcecode.c.h; path = mztools.h; sourceTree = "<group>"; };
		5471FBD21AD25AC8003451D4 /* unzip.c */ = {isa = PBXFileReference; fileEncoding = 4; lastKnownFileType = sourcecode.c.c; path = unzip.c; sourceTree = "<group>"; };
		5471FBD31AD25AC8003451D4 /* unzip.h */ = {isa = PBXFileReference; fileEncoding = 4; lastKnownFileType = sourcecode.c.h; path = unzip.h; sourceTree = "<group>"; };
		5471FBD41AD25AC8003451D4 /* zip.c */ = {isa = PBXFileReference; fileEncoding = 4; lastKnownFileType = sourcecode.c.c; path = zip.c; sourceTree = "<group>"; };
		5471FBD51AD25AC8003451D4 /* zip.h */ = {isa = PBXFileReference; fileEncoding = 4; lastKnownFileType = sourcecode.c.h; path = zip.h; sourceTree = "<group>"; };
		5471FBD61AD25AC8003451D4 /* SSZipArchive.h */ = {isa = PBXFileReference; fileEncoding = 4; lastKnownFileType = sourcecode.c.h; path = SSZipArchive.h; sourceTree = "<group>"; };
		5471FBD71AD25AC8003451D4 /* SSZipArchive.m */ = {isa = PBXFileReference; fileEncoding = 4; lastKnownFileType = sourcecode.c.objc; path = SSZipArchive.m; sourceTree = "<group>"; };
		5471FBDF1AD25AFD003451D4 /* libz.dylib */ = {isa = PBXFileReference; lastKnownFileType = "compiled.mach-o.dylib"; name = libz.dylib; path = usr/lib/libz.dylib; sourceTree = SDKROOT; };
		548B33D01AD2CA0F00B7CD8B /* logo40.png */ = {isa = PBXFileReference; lastKnownFileType = image.png; path = logo40.png; sourceTree = "<group>"; };
		548B33D11AD2CA0F00B7CD8B /* logo80.png */ = {isa = PBXFileReference; lastKnownFileType = image.png; path = logo80.png; sourceTree = "<group>"; };
		548B33D41AD2CA4C00B7CD8B /* logo29.png */ = {isa = PBXFileReference; lastKnownFileType = image.png; path = logo29.png; sourceTree = "<group>"; };
		548B33D51AD2CA4C00B7CD8B /* logo58.png */ = {isa = PBXFileReference; lastKnownFileType = image.png; path = logo58.png; sourceTree = "<group>"; };
		54BA14B41ACC8F0D00054079 /* SpriteKit.framework */ = {isa = PBXFileReference; lastKnownFileType = wrapper.framework; name = SpriteKit.framework; path = System/Library/Frameworks/SpriteKit.framework; sourceTree = SDKROOT; };
		54C50B951AD47418005EDB5C /* QuartzCore.framework */ = {isa = PBXFileReference; lastKnownFileType = wrapper.framework; name = QuartzCore.framework; path = System/Library/Frameworks/QuartzCore.framework; sourceTree = SDKROOT; };
		54C6AFFB1ACC6EBF00E1D0F1 /* Presenter.swift */ = {isa = PBXFileReference; fileEncoding = 4; lastKnownFileType = sourcecode.swift; path = Presenter.swift; sourceTree = "<group>"; };
		54C6AFFD1ACC6EE100E1D0F1 /* Interactor.swift */ = {isa = PBXFileReference; fileEncoding = 4; lastKnownFileType = sourcecode.swift; path = Interactor.swift; sourceTree = "<group>"; };
		54C6AFFF1ACC6EF000E1D0F1 /* ShipEntity.swift */ = {isa = PBXFileReference; fileEncoding = 4; lastKnownFileType = sourcecode.swift; path = ShipEntity.swift; sourceTree = "<group>"; };
		54C6B0011ACC7BA200E1D0F1 /* DataManager.swift */ = {isa = PBXFileReference; fileEncoding = 4; lastKnownFileType = sourcecode.swift; path = DataManager.swift; sourceTree = "<group>"; };
		54E089E81A19435800BDC644 /* ShipSpinner.app */ = {isa = PBXFileReference; explicitFileType = wrapper.application; includeInIndex = 0; path = ShipSpinner.app; sourceTree = BUILT_PRODUCTS_DIR; };
		54E089EC1A19435800BDC644 /* Info.plist */ = {isa = PBXFileReference; lastKnownFileType = text.plist.xml; path = Info.plist; sourceTree = "<group>"; };
		54E089ED1A19435800BDC644 /* AppDelegate.swift */ = {isa = PBXFileReference; lastKnownFileType = sourcecode.swift; path = AppDelegate.swift; sourceTree = "<group>"; };
		54E089F01A19435800BDC644 /* ShipSpinner.xcdatamodel */ = {isa = PBXFileReference; lastKnownFileType = wrapper.xcdatamodel; path = ShipSpinner.xcdatamodel; sourceTree = "<group>"; };
		54E089F21A19435800BDC644 /* ViewController.swift */ = {isa = PBXFileReference; lastKnownFileType = sourcecode.swift; path = ViewController.swift; sourceTree = "<group>"; };
		54E089F51A19435800BDC644 /* Base */ = {isa = PBXFileReference; lastKnownFileType = file.storyboard; name = Base; path = Base.lproj/Main.storyboard; sourceTree = "<group>"; };
		54E089F71A19435800BDC644 /* Images.xcassets */ = {isa = PBXFileReference; lastKnownFileType = folder.assetcatalog; path = Images.xcassets; sourceTree = "<group>"; };
		54E089FA1A19435800BDC644 /* Base */ = {isa = PBXFileReference; lastKnownFileType = file.xib; name = Base; path = Base.lproj/LaunchScreen.xib; sourceTree = "<group>"; };
		54E08A001A19435800BDC644 /* ShipSpinnerTests.xctest */ = {isa = PBXFileReference; explicitFileType = wrapper.cfbundle; includeInIndex = 0; path = ShipSpinnerTests.xctest; sourceTree = BUILT_PRODUCTS_DIR; };
		54E08A051A19435800BDC644 /* Info.plist */ = {isa = PBXFileReference; lastKnownFileType = text.plist.xml; path = Info.plist; sourceTree = "<group>"; };
		54E08A061A19435800BDC644 /* ShipSpinnerTests.swift */ = {isa = PBXFileReference; lastKnownFileType = sourcecode.swift; path = ShipSpinnerTests.swift; sourceTree = "<group>"; };
		54EC67A21AD05F5A009CE568 /* defaults.plist */ = {isa = PBXFileReference; fileEncoding = 4; lastKnownFileType = text.plist.xml; path = defaults.plist; sourceTree = "<group>"; };
		54EC67A41AD060BE009CE568 /* asset.plist */ = {isa = PBXFileReference; fileEncoding = 4; lastKnownFileType = text.plist.xml; path = asset.plist; sourceTree = "<group>"; };
		54EC67A61AD060C8009CE568 /* detail.plist */ = {isa = PBXFileReference; fileEncoding = 4; lastKnownFileType = text.plist.xml; path = detail.plist; sourceTree = "<group>"; };
		54EC67A81AD062E3009CE568 /* kush_cloakedfighter.scnassets */ = {isa = PBXFileReference; lastKnownFileType = wrapper.scnassets; path = kush_cloakedfighter.scnassets; sourceTree = "<group>"; };
/* End PBXFileReference section */

/* Begin PBXFrameworksBuildPhase section */
		54E089E51A19435800BDC644 /* Frameworks */ = {
			isa = PBXFrameworksBuildPhase;
			buildActionMask = 2147483647;
			files = (
				54C50B961AD47418005EDB5C /* QuartzCore.framework in Frameworks */,
				5471FBE01AD25AFD003451D4 /* libz.dylib in Frameworks */,
				54BA14B51ACC8F0D00054079 /* SpriteKit.framework in Frameworks */,
			);
			runOnlyForDeploymentPostprocessing = 0;
		};
		54E089FD1A19435800BDC644 /* Frameworks */ = {
			isa = PBXFrameworksBuildPhase;
			buildActionMask = 2147483647;
			files = (
			);
			runOnlyForDeploymentPostprocessing = 0;
		};
/* End PBXFrameworksBuildPhase section */

/* Begin PBXGroup section */
		5465AC1C1ACDBA0500636FBA /* icons */ = {
			isa = PBXGroup;
			children = (
				548B33D41AD2CA4C00B7CD8B /* logo29.png */,
				548B33D51AD2CA4C00B7CD8B /* logo58.png */,
				548B33D01AD2CA0F00B7CD8B /* logo40.png */,
				548B33D11AD2CA0F00B7CD8B /* logo80.png */,
				540392A91AD2795E006A717F /* bars5_selected.png */,
				540392AA1AD2795E006A717F /* information32_selected.png */,
				540392AB1AD2795E006A717F /* layers4_selected.png */,
				540392AC1AD2795E006A717F /* settings20_selected.png */,
				5471FBC51AD08C1A003451D4 /* logo76.png */,
				5471FBC61AD08C1A003451D4 /* logo76@2x.png */,
				5465AC1D1ACDBA0500636FBA /* bars5.png */,
				5465AC1E1ACDBA0500636FBA /* bars5.svg */,
				5465AC1F1ACDBA0500636FBA /* information32.png */,
				5465AC201ACDBA0500636FBA /* information32.svg */,
				5465AC211ACDBA0500636FBA /* layers4.png */,
				5465AC221ACDBA0500636FBA /* layers4.svg */,
				5465AC231ACDBA0500636FBA /* settings20.png */,
				5465AC241ACDBA0500636FBA /* settings20.svg */,
				5465AC251ACDBA0500636FBA /* stack8.png */,
				5465AC261ACDBA0500636FBA /* stack8.svg */,
			);
			path = icons;
			sourceTree = "<group>";
		};
		5465AC311ACDBA0E00636FBA /* bgs */ = {
			isa = PBXGroup;
			children = (
				5465AC0E1ACDB7F800636FBA /* bg7.jpg */,
				5465AC0F1ACDB7F800636FBA /* bg6.jpg */,
				5465AC101ACDB7F800636FBA /* bg5.jpg */,
				5465AC111ACDB7F800636FBA /* bg4.jpg */,
				5465AC121ACDB7F800636FBA /* bg3.jpg */,
				5465AC131ACDB7F800636FBA /* bg2.jpg */,
				5465AC141ACDB7F800636FBA /* bg1.jpg */,
			);
			name = bgs;
			sourceTree = "<group>";
		};
		5471FBCC1AD25AC8003451D4 /* minizip */ = {
			isa = PBXGroup;
			children = (
				5471FBCD1AD25AC8003451D4 /* crypt.h */,
				5471FBCE1AD25AC8003451D4 /* ioapi.c */,
				5471FBCF1AD25AC8003451D4 /* ioapi.h */,
				5471FBD01AD25AC8003451D4 /* mztools.c */,
				5471FBD11AD25AC8003451D4 /* mztools.h */,
				5471FBD21AD25AC8003451D4 /* unzip.c */,
				5471FBD31AD25AC8003451D4 /* unzip.h */,
				5471FBD41AD25AC8003451D4 /* zip.c */,
				5471FBD51AD25AC8003451D4 /* zip.h */,
			);
			path = minizip;
			sourceTree = "<group>";
		};
		5471FBDE1AD25AD7003451D4 /* SSZipArchive */ = {
			isa = PBXGroup;
			children = (
				5471FBCC1AD25AC8003451D4 /* minizip */,
				5471FBD61AD25AC8003451D4 /* SSZipArchive.h */,
				5471FBD71AD25AC8003451D4 /* SSZipArchive.m */,
				5471FBDF1AD25AFD003451D4 /* libz.dylib */,
			);
			name = SSZipArchive;
			sourceTree = "<group>";
		};
		54E089DF1A19435800BDC644 = {
			isa = PBXGroup;
			children = (
				54E089EA1A19435800BDC644 /* ShipSpinner */,
				54E08A031A19435800BDC644 /* ShipSpinnerTests */,
				54E089E91A19435800BDC644 /* Products */,
			);
			sourceTree = "<group>";
		};
		54E089E91A19435800BDC644 /* Products */ = {
			isa = PBXGroup;
			children = (
				54E089E81A19435800BDC644 /* ShipSpinner.app */,
				54E08A001A19435800BDC644 /* ShipSpinnerTests.xctest */,
			);
			name = Products;
			sourceTree = "<group>";
		};
		54E089EA1A19435800BDC644 /* ShipSpinner */ = {
			isa = PBXGroup;
			children = (
				54E089ED1A19435800BDC644 /* AppDelegate.swift */,
				54E089F21A19435800BDC644 /* ViewController.swift */,
				54C6AFFB1ACC6EBF00E1D0F1 /* Presenter.swift */,
				54C6AFFD1ACC6EE100E1D0F1 /* Interactor.swift */,
				54C6B0011ACC7BA200E1D0F1 /* DataManager.swift */,
				54C6AFFF1ACC6EF000E1D0F1 /* ShipEntity.swift */,
				5471FBC91AD250C9003451D4 /* Util.swift */,
				54E089F41A19435800BDC644 /* Main.storyboard */,
				54E089F71A19435800BDC644 /* Images.xcassets */,
				54E089F91A19435800BDC644 /* LaunchScreen.xib */,
				54E089EF1A19435800BDC644 /* ShipSpinner.xcdatamodeld */,
				54E089EB1A19435800BDC644 /* Supporting Files */,
			);
			path = ShipSpinner;
			sourceTree = "<group>";
		};
		54E089EB1A19435800BDC644 /* Supporting Files */ = {
			isa = PBXGroup;
			children = (
				5471FBCB1AD25AC7003451D4 /* ShipSpinner-Bridging-Header.h */,
				5471FBDE1AD25AD7003451D4 /* SSZipArchive */,
				540392B21AD29A15006A717F /* Alamofire.framework */,
				54C50B951AD47418005EDB5C /* QuartzCore.framework */,
				54BA14B41ACC8F0D00054079 /* SpriteKit.framework */,
				5465AC311ACDBA0E00636FBA /* bgs */,
				5465AC1C1ACDBA0500636FBA /* icons */,
				54EC67A11ACFB7B9009CE568 /* asset */,
				54EC67A81AD062E3009CE568 /* kush_cloakedfighter.scnassets */,
				54E089EC1A19435800BDC644 /* Info.plist */,
			);
			name = "Supporting Files";
			sourceTree = "<group>";
		};
		54E08A031A19435800BDC644 /* ShipSpinnerTests */ = {
			isa = PBXGroup;
			children = (
				54E08A061A19435800BDC644 /* ShipSpinnerTests.swift */,
				54E08A041A19435800BDC644 /* Supporting Files */,
			);
			path = ShipSpinnerTests;
			sourceTree = "<group>";
		};
		54E08A041A19435800BDC644 /* Supporting Files */ = {
			isa = PBXGroup;
			children = (
				54E08A051A19435800BDC644 /* Info.plist */,
			);
			name = "Supporting Files";
			sourceTree = "<group>";
		};
		54EC67A11ACFB7B9009CE568 /* asset */ = {
			isa = PBXGroup;
			children = (
				54EC67A21AD05F5A009CE568 /* defaults.plist */,
				54EC67A41AD060BE009CE568 /* asset.plist */,
				54EC67A61AD060C8009CE568 /* detail.plist */,
			);
			name = asset;
			sourceTree = "<group>";
		};
/* End PBXGroup section */

/* Begin PBXNativeTarget section */
		54E089E71A19435800BDC644 /* ShipSpinner */ = {
			isa = PBXNativeTarget;
			buildConfigurationList = 54E08A0A1A19435800BDC644 /* Build configuration list for PBXNativeTarget "ShipSpinner" */;
			buildPhases = (
				54E089E41A19435800BDC644 /* Sources */,
				54E089E51A19435800BDC644 /* Frameworks */,
				54E089E61A19435800BDC644 /* Resources */,
				540392B11AD299C2006A717F /* ShellScript */,
			);
			buildRules = (
			);
			dependencies = (
			);
			name = ShipSpinner;
			productName = ShipSpinner;
			productReference = 54E089E81A19435800BDC644 /* ShipSpinner.app */;
			productType = "com.apple.product-type.application";
		};
		54E089FF1A19435800BDC644 /* ShipSpinnerTests */ = {
			isa = PBXNativeTarget;
			buildConfigurationList = 54E08A0D1A19435800BDC644 /* Build configuration list for PBXNativeTarget "ShipSpinnerTests" */;
			buildPhases = (
				54E089FC1A19435800BDC644 /* Sources */,
				54E089FD1A19435800BDC644 /* Frameworks */,
				54E089FE1A19435800BDC644 /* Resources */,
			);
			buildRules = (
			);
			dependencies = (
				54E08A021A19435800BDC644 /* PBXTargetDependency */,
			);
			name = ShipSpinnerTests;
			productName = ShipSpinnerTests;
			productReference = 54E08A001A19435800BDC644 /* ShipSpinnerTests.xctest */;
			productType = "com.apple.product-type.bundle.unit-test";
		};
/* End PBXNativeTarget section */

/* Begin PBXProject section */
		54E089E01A19435800BDC644 /* Project object */ = {
			isa = PBXProject;
			attributes = {
				LastUpgradeCheck = 0610;
				ORGANIZATIONNAME = "Axon Flux";
				TargetAttributes = {
					54E089E71A19435800BDC644 = {
						CreatedOnToolsVersion = 6.1;
						DevelopmentTeam = CUYMUDSGA4;
					};
					54E089FF1A19435800BDC644 = {
						CreatedOnToolsVersion = 6.1;
						TestTargetID = 54E089E71A19435800BDC644;
					};
				};
			};
			buildConfigurationList = 54E089E31A19435800BDC644 /* Build configuration list for PBXProject "ShipSpinner" */;
			compatibilityVersion = "Xcode 3.2";
			developmentRegion = English;
			hasScannedForEncodings = 0;
			knownRegions = (
				en,
				Base,
			);
			mainGroup = 54E089DF1A19435800BDC644;
			productRefGroup = 54E089E91A19435800BDC644 /* Products */;
			projectDirPath = "";
			projectRoot = "";
			targets = (
				54E089E71A19435800BDC644 /* ShipSpinner */,
				54E089FF1A19435800BDC644 /* ShipSpinnerTests */,
			);
		};
/* End PBXProject section */

/* Begin PBXResourcesBuildPhase section */
		54E089E61A19435800BDC644 /* Resources */ = {
			isa = PBXResourcesBuildPhase;
			buildActionMask = 2147483647;
			files = (
				540392AD1AD2795E006A717F /* bars5_selected.png in Resources */,
				54EC67A91AD062E3009CE568 /* kush_cloakedfighter.scnassets in Resources */,
				5465AC1B1ACDB7F800636FBA /* bg1.jpg in Resources */,
				548B33D61AD2CA4C00B7CD8B /* logo29.png in Resources */,
				5465AC2E1ACDBA0500636FBA /* settings20.svg in Resources */,
				540392AE1AD2795E006A717F /* information32_selected.png in Resources */,
				5465AC301ACDBA0500636FBA /* stack8.svg in Resources */,
				5465AC151ACDB7F800636FBA /* bg7.jpg in Resources */,
				5465AC2B1ACDBA0500636FBA /* layers4.png in Resources */,
				54E089F61A19435800BDC644 /* Main.storyboard in Resources */,
				5471FBC71AD08C1A003451D4 /* logo76.png in Resources */,
				54EC67A51AD060BE009CE568 /* asset.plist in Resources */,
				540392B01AD2795E006A717F /* settings20_selected.png in Resources */,
				54EC67A31AD05F5A009CE568 /* defaults.plist in Resources */,
				5465AC191ACDB7F800636FBA /* bg3.jpg in Resources */,
				54E089FB1A19435800BDC644 /* LaunchScreen.xib in Resources */,
				5465AC171ACDB7F800636FBA /* bg5.jpg in Resources */,
				5465AC1A1ACDB7F800636FBA /* bg2.jpg in Resources */,
				5465AC2D1ACDBA0500636FBA /* settings20.png in Resources */,
				548B33D21AD2CA0F00B7CD8B /* logo40.png in Resources */,
				5465AC281ACDBA0500636FBA /* bars5.svg in Resources */,
				540392AF1AD2795E006A717F /* layers4_selected.png in Resources */,
				5465AC291ACDBA0500636FBA /* information32.png in Resources */,
				548B33D31AD2CA0F00B7CD8B /* logo80.png in Resources */,
				5465AC181ACDB7F800636FBA /* bg4.jpg in Resources */,
				54EC67A71AD060C8009CE568 /* detail.plist in Resources */,
				5465AC271ACDBA0500636FBA /* bars5.png in Resources */,
				54E089F81A19435800BDC644 /* Images.xcassets in Resources */,
				5465AC2A1ACDBA0500636FBA /* information32.svg in Resources */,
				548B33D71AD2CA4C00B7CD8B /* logo58.png in Resources */,
				5471FBC81AD08C1A003451D4 /* logo76@2x.png in Resources */,
				5465AC161ACDB7F800636FBA /* bg6.jpg in Resources */,
				5465AC2C1ACDBA0500636FBA /* layers4.svg in Resources */,
				5465AC2F1ACDBA0500636FBA /* stack8.png in Resources */,
			);
			runOnlyForDeploymentPostprocessing = 0;
		};
		54E089FE1A19435800BDC644 /* Resources */ = {
			isa = PBXResourcesBuildPhase;
			buildActionMask = 2147483647;
			files = (
			);
			runOnlyForDeploymentPostprocessing = 0;
		};
/* End PBXResourcesBuildPhase section */

/* Begin PBXShellScriptBuildPhase section */
		540392B11AD299C2006A717F /* ShellScript */ = {
			isa = PBXShellScriptBuildPhase;
			buildActionMask = 2147483647;
			files = (
			);
			inputPaths = (
				"$(SRCROOT)/Carthage/Build/iOS/Alamofire.framework",
			);
			outputPaths = (
			);
			runOnlyForDeploymentPostprocessing = 0;
			shellPath = /bin/sh;
			shellScript = "/usr/local/bin/carthage copy-frameworks";
		};
/* End PBXShellScriptBuildPhase section */

/* Begin PBXSourcesBuildPhase section */
		54E089E41A19435800BDC644 /* Sources */ = {
			isa = PBXSourcesBuildPhase;
			buildActionMask = 2147483647;
			files = (
				54E089F31A19435800BDC644 /* ViewController.swift in Sources */,
				5471FBDA1AD25AC8003451D4 /* unzip.c in Sources */,
				5471FBDC1AD25AC8003451D4 /* SSZipArchive.m in Sources */,
				54E089EE1A19435800BDC644 /* AppDelegate.swift in Sources */,
				54C6B0001ACC6EF000E1D0F1 /* ShipEntity.swift in Sources */,
				5471FBCA1AD250CA003451D4 /* Util.swift in Sources */,
				5471FBD91AD25AC8003451D4 /* mztools.c in Sources */,
				54C6B0021ACC7BA200E1D0F1 /* DataManager.swift in Sources */,
				54C6AFFC1ACC6EBF00E1D0F1 /* Presenter.swift in Sources */,
				5471FBD81AD25AC8003451D4 /* ioapi.c in Sources */,
				5471FBDB1AD25AC8003451D4 /* zip.c in Sources */,
				54E089F11A19435800BDC644 /* ShipSpinner.xcdatamodeld in Sources */,
				54C6AFFE1ACC6EE100E1D0F1 /* Interactor.swift in Sources */,
			);
			runOnlyForDeploymentPostprocessing = 0;
		};
		54E089FC1A19435800BDC644 /* Sources */ = {
			isa = PBXSourcesBuildPhase;
			buildActionMask = 2147483647;
			files = (
				54E08A071A19435800BDC644 /* ShipSpinnerTests.swift in Sources */,
			);
			runOnlyForDeploymentPostprocessing = 0;
		};
/* End PBXSourcesBuildPhase section */

/* Begin PBXTargetDependency section */
		54E08A021A19435800BDC644 /* PBXTargetDependency */ = {
			isa = PBXTargetDependency;
			target = 54E089E71A19435800BDC644 /* ShipSpinner */;
			targetProxy = 54E08A011A19435800BDC644 /* PBXContainerItemProxy */;
		};
/* End PBXTargetDependency section */

/* Begin PBXVariantGroup section */
		54E089F41A19435800BDC644 /* Main.storyboard */ = {
			isa = PBXVariantGroup;
			children = (
				54E089F51A19435800BDC644 /* Base */,
			);
			name = Main.storyboard;
			sourceTree = "<group>";
		};
		54E089F91A19435800BDC644 /* LaunchScreen.xib */ = {
			isa = PBXVariantGroup;
			children = (
				54E089FA1A19435800BDC644 /* Base */,
			);
			name = LaunchScreen.xib;
			sourceTree = "<group>";
		};
/* End PBXVariantGroup section */

/* Begin XCBuildConfiguration section */
		54E08A081A19435800BDC644 /* Debug */ = {
			isa = XCBuildConfiguration;
			buildSettings = {
				ALWAYS_SEARCH_USER_PATHS = NO;
				CLANG_CXX_LANGUAGE_STANDARD = "gnu++0x";
				CLANG_CXX_LIBRARY = "libc++";
				CLANG_ENABLE_MODULES = YES;
				CLANG_ENABLE_OBJC_ARC = YES;
				CLANG_WARN_BOOL_CONVERSION = YES;
				CLANG_WARN_CONSTANT_CONVERSION = YES;
				CLANG_WARN_DIRECT_OBJC_ISA_USAGE = YES_ERROR;
				CLANG_WARN_EMPTY_BODY = YES;
				CLANG_WARN_ENUM_CONVERSION = YES;
				CLANG_WARN_INT_CONVERSION = YES;
				CLANG_WARN_OBJC_ROOT_CLASS = YES_ERROR;
				CLANG_WARN_UNREACHABLE_CODE = YES;
				CLANG_WARN__DUPLICATE_METHOD_MATCH = YES;
				"CODE_SIGN_IDENTITY[sdk=iphoneos*]" = "iPhone Developer";
				COPY_PHASE_STRIP = NO;
				ENABLE_STRICT_OBJC_MSGSEND = YES;
				GCC_C_LANGUAGE_STANDARD = gnu99;
				GCC_DYNAMIC_NO_PIC = NO;
				GCC_OPTIMIZATION_LEVEL = 0;
				GCC_PREPROCESSOR_DEFINITIONS = (
					"DEBUG=1",
					"$(inherited)",
				);
				GCC_SYMBOLS_PRIVATE_EXTERN = NO;
				GCC_WARN_64_TO_32_BIT_CONVERSION = YES;
				GCC_WARN_ABOUT_RETURN_TYPE = YES_ERROR;
				GCC_WARN_UNDECLARED_SELECTOR = YES;
				GCC_WARN_UNINITIALIZED_AUTOS = YES_AGGRESSIVE;
				GCC_WARN_UNUSED_FUNCTION = YES;
				GCC_WARN_UNUSED_VARIABLE = YES;
				IPHONEOS_DEPLOYMENT_TARGET = 8.1;
				MTL_ENABLE_DEBUG_INFO = YES;
				ONLY_ACTIVE_ARCH = YES;
				SDKROOT = iphoneos;
				SWIFT_OPTIMIZATION_LEVEL = "-Onone";
				TARGETED_DEVICE_FAMILY = 2;
			};
			name = Debug;
		};
		54E08A091A19435800BDC644 /* Release */ = {
			isa = XCBuildConfiguration;
			buildSettings = {
				ALWAYS_SEARCH_USER_PATHS = NO;
				CLANG_CXX_LANGUAGE_STANDARD = "gnu++0x";
				CLANG_CXX_LIBRARY = "libc++";
				CLANG_ENABLE_MODULES = YES;
				CLANG_ENABLE_OBJC_ARC = YES;
				CLANG_WARN_BOOL_CONVERSION = YES;
				CLANG_WARN_CONSTANT_CONVERSION = YES;
				CLANG_WARN_DIRECT_OBJC_ISA_USAGE = YES_ERROR;
				CLANG_WARN_EMPTY_BODY = YES;
				CLANG_WARN_ENUM_CONVERSION = YES;
				CLANG_WARN_INT_CONVERSION = YES;
				CLANG_WARN_OBJC_ROOT_CLASS = YES_ERROR;
				CLANG_WARN_UNREACHABLE_CODE = YES;
				CLANG_WARN__DUPLICATE_METHOD_MATCH = YES;
				"CODE_SIGN_IDENTITY[sdk=iphoneos*]" = "iPhone Developer";
				COPY_PHASE_STRIP = YES;
				ENABLE_NS_ASSERTIONS = NO;
				ENABLE_STRICT_OBJC_MSGSEND = YES;
				GCC_C_LANGUAGE_STANDARD = gnu99;
				GCC_WARN_64_TO_32_BIT_CONVERSION = YES;
				GCC_WARN_ABOUT_RETURN_TYPE = YES_ERROR;
				GCC_WARN_UNDECLARED_SELECTOR = YES;
				GCC_WARN_UNINITIALIZED_AUTOS = YES_AGGRESSIVE;
				GCC_WARN_UNUSED_FUNCTION = YES;
				GCC_WARN_UNUSED_VARIABLE = YES;
				IPHONEOS_DEPLOYMENT_TARGET = 8.1;
				MTL_ENABLE_DEBUG_INFO = NO;
				SDKROOT = iphoneos;
				TARGETED_DEVICE_FAMILY = 2;
				VALIDATE_PRODUCT = YES;
			};
			name = Release;
		};
		54E08A0B1A19435800BDC644 /* Debug */ = {
			isa = XCBuildConfiguration;
			buildSettings = {
				ASSETCATALOG_COMPILER_APPICON_NAME = AppIcon;
				CLANG_ENABLE_MODULES = YES;
				CODE_SIGN_IDENTITY = "iPhone Developer";
				"CODE_SIGN_IDENTITY[sdk=iphoneos*]" = "iPhone Developer";
				FRAMEWORK_SEARCH_PATHS = (
					"$(inherited)",
					"$(PROJECT_DIR)/Carthage/Build/iOS",
				);
				INFOPLIST_FILE = ShipSpinner/Info.plist;
				IPHONEOS_DEPLOYMENT_TARGET = 8.2;
				LD_RUNPATH_SEARCH_PATHS = "$(inherited) @executable_path/Frameworks";
				PRODUCT_NAME = "$(TARGET_NAME)";
				PROVISIONING_PROFILE = "";
				SWIFT_OBJC_BRIDGING_HEADER = "ShipSpinner/ShipSpinner-Bridging-Header.h";
				SWIFT_OPTIMIZATION_LEVEL = "-Onone";
			};
			name = Debug;
		};
		54E08A0C1A19435800BDC644 /* Release */ = {
			isa = XCBuildConfiguration;
			buildSettings = {
				ASSETCATALOG_COMPILER_APPICON_NAME = AppIcon;
				CLANG_ENABLE_MODULES = YES;
				CODE_SIGN_IDENTITY = "iPhone Developer";
				"CODE_SIGN_IDENTITY[sdk=iphoneos*]" = "iPhone Developer";
				FRAMEWORK_SEARCH_PATHS = (
					"$(inherited)",
					"$(PROJECT_DIR)/Carthage/Build/iOS",
				);
				INFOPLIST_FILE = ShipSpinner/Info.plist;
				IPHONEOS_DEPLOYMENT_TARGET = 8.2;
				LD_RUNPATH_SEARCH_PATHS = "$(inherited) @executable_path/Frameworks";
				PRODUCT_NAME = "$(TARGET_NAME)";
				PROVISIONING_PROFILE = "";
				SWIFT_OBJC_BRIDGING_HEADER = "ShipSpinner/ShipSpinner-Bridging-Header.h";
			};
			name = Release;
		};
		54E08A0E1A19435800BDC644 /* Debug */ = {
			isa = XCBuildConfiguration;
			buildSettings = {
				BUNDLE_LOADER = "$(TEST_HOST)";
				FRAMEWORK_SEARCH_PATHS = (
					"$(SDKROOT)/Developer/Library/Frameworks",
					"$(inherited)",
				);
				GCC_PREPROCESSOR_DEFINITIONS = (
					"DEBUG=1",
					"$(inherited)",
				);
				INFOPLIST_FILE = ShipSpinnerTests/Info.plist;
				LD_RUNPATH_SEARCH_PATHS = "$(inherited) @executable_path/Frameworks @loader_path/Frameworks";
				PRODUCT_NAME = "$(TARGET_NAME)";
				TEST_HOST = "$(BUILT_PRODUCTS_DIR)/ShipSpinner.app/ShipSpinner";
			};
			name = Debug;
		};
		54E08A0F1A19435800BDC644 /* Release */ = {
			isa = XCBuildConfiguration;
			buildSettings = {
				BUNDLE_LOADER = "$(TEST_HOST)";
				FRAMEWORK_SEARCH_PATHS = (
					"$(SDKROOT)/Developer/Library/Frameworks",
					"$(inherited)",
				);
				INFOPLIST_FILE = ShipSpinnerTests/Info.plist;
				LD_RUNPATH_SEARCH_PATHS = "$(inherited) @executable_path/Frameworks @loader_path/Frameworks";
				PRODUCT_NAME = "$(TARGET_NAME)";
				TEST_HOST = "$(BUILT_PRODUCTS_DIR)/ShipSpinner.app/ShipSpinner";
			};
			name = Release;
		};
/* End XCBuildConfiguration section */

/* Begin XCConfigurationList section */
		54E089E31A19435800BDC644 /* Build configuration list for PBXProject "ShipSpinner" */ = {
			isa = XCConfigurationList;
			buildConfigurations = (
				54E08A081A19435800BDC644 /* Debug */,
				54E08A091A19435800BDC644 /* Release */,
			);
			defaultConfigurationIsVisible = 0;
			defaultConfigurationName = Release;
		};
		54E08A0A1A19435800BDC644 /* Build configuration list for PBXNativeTarget "ShipSpinner" */ = {
			isa = XCConfigurationList;
			buildConfigurations = (
				54E08A0B1A19435800BDC644 /* Debug */,
				54E08A0C1A19435800BDC644 /* Release */,
			);
			defaultConfigurationIsVisible = 0;
			defaultConfigurationName = Release;
		};
		54E08A0D1A19435800BDC644 /* Build configuration list for PBXNativeTarget "ShipSpinnerTests" */ = {
			isa = XCConfigurationList;
			buildConfigurations = (
				54E08A0E1A19435800BDC644 /* Debug */,
				54E08A0F1A19435800BDC644 /* Release */,
			);
			defaultConfigurationIsVisible = 0;
			defaultConfigurationName = Release;
		};
/* End XCConfigurationList section */

/* Begin XCVersionGroup section */
		54E089EF1A19435800BDC644 /* ShipSpinner.xcdatamodeld */ = {
			isa = XCVersionGroup;
			children = (
				54E089F01A19435800BDC644 /* ShipSpinner.xcdatamodel */,
			);
			currentVersion = 54E089F01A19435800BDC644 /* ShipSpinner.xcdatamodel */;
			path = ShipSpinner.xcdatamodeld;
			sourceTree = "<group>";
			versionGroupType = wrapper.xcdatamodel;
		};
/* End XCVersionGroup section */
	};
	rootObject = 54E089E01A19435800BDC644 /* Project object */;
}
